PODS:
  - AFNetworking (4.0.1):
    - AFNetworking/NSURLSession (= 4.0.1)
    - AFNetworking/Reachability (= 4.0.1)
    - AFNetworking/Security (= 4.0.1)
    - AFNetworking/Serialization (= 4.0.1)
    - AFNetworking/UIKit (= 4.0.1)
  - AFNetworking/NSURLSession (4.0.1):
    - AFNetworking/Reachability
    - AFNetworking/Security
    - AFNetworking/Serialization
  - AFNetworking/Reachability (4.0.1)
  - AFNetworking/Security (4.0.1)
  - AFNetworking/Serialization (4.0.1)
  - AFNetworking/UIKit (4.0.1):
    - AFNetworking/NSURLSession
  - GoogleMaps (6.2.1):
    - GoogleMaps/Maps (= 6.2.1)
  - GoogleMaps/Base (6.2.1)
  - GoogleMaps/Maps (6.2.1):
    - GoogleMaps/Base
  - GTMNSStringHTMLAdditions (0.2.1)
  - Mantle (2.2.0):
    - Mantle/extobjc (= 2.2.0)
  - Mantle/extobjc (2.2.0)
  - MBProgressHUD (1.2.0)
  - Sentry (7.31.3):
    - Sentry/Core (= 7.31.3)
  - Sentry/Core (7.31.3)
  - TBXML (1.5)

DEPENDENCIES:
  - AFNetworking (= 4.0.1)
  - GoogleMaps (= 6.2.1)
  - GTMNSStringHTMLAdditions (= 0.2.1)
  - Mantle (= 2.2.0)
  - MBProgressHUD (= 1.2.0)
  - Sentry (from `https://github.com/getsentry/sentry-cocoa.git`, tag `7.31.3`)
  - TBXML (= 1.5)

SPEC REPOS:
  trunk:
    - AFNetworking
    - GoogleMaps
    - GTMNSStringHTMLAdditions
    - Mantle
    - MBProgressHUD
    - TBXML

EXTERNAL SOURCES:
  Sentry:
    :git: https://github.com/getsentry/sentry-cocoa.git
    :tag: 7.31.3

CHECKOUT OPTIONS:
  Sentry:
    :git: https://github.com/getsentry/sentry-cocoa.git
    :tag: 7.31.3

SPEC CHECKSUMS:
  AFNetworking: 7864c38297c79aaca1500c33288e429c3451fdce
  GoogleMaps: 20d7b12be49a14287f797e88e0e31bc4156aaeb4
  GTMNSStringHTMLAdditions: 4bfc402b1b17165360728083156cae0a74ecb308
  Mantle: c5aa8794a29a022dfbbfc9799af95f477a69b62d
  MBProgressHUD: 3ee5efcc380f6a79a7cc9b363dd669c5e1ae7406
  Sentry: 08884c523575ec0f6690d94ed3ccb0246a1600bf
  TBXML: 9f9dadb239f2f2af1dadb87fe43a0ce6e479379a

PODFILE CHECKSUM: 56012bbe8afceb083969d94a0f900aabe49584b2

COCOAPODS: 1.11.3
